
Microsoft Visual Studio Solution File, Format Version 12.00
# Visual Studio Version 18
VisualStudioVersion = 18.5.11612.153 insiders
MinimumVisualStudioVersion = 10.0.40219.1
Project("{2150E333-8FDC-42A3-9474-1A3956D46DE8}") = "Core", "Core", "{06882951-9444-4D31-BBBF-294E180A05FC}"
EndProject
Project("{FAE04EC0-301F-11D3-BF4B-00C04F79EFBC}") = "ScoreBoardVtk.Core", "ScoreBoardVtk.Core\ScoreBoardVtk.Core.csproj", "{B8E98942-265D-4411-8B0C-FDADDF79D39C}"
EndProject
Project("{2150E333-8FDC-42A3-9474-1A3956D46DE8}") = "UI", "UI", "{7A4828FE-14B8-49B2-8720-29362009C08A}"
EndProject
Project("{2150E333-8FDC-42A3-9474-1A3956D46DE8}") = "WPF", "WPF", "{A3931D6B-DE78-4DE5-B585-B7D37CC8E9BB}"
EndProject
Project("{FAE04EC0-301F-11D3-BF4B-00C04F79EFBC}") = "ScoreBoardVtk.Wpf", "ScoreBoardVtk.Wpf\ScoreBoardVtk.Wpf.csproj", "{FB567ABC-622D-44A0-B503-8B8A15A7D928}"
EndProject
Project("{2150E333-8FDC-42A3-9474-1A3956D46DE8}") = "Tools", "Tools", "{62FAD7B9-97D2-4EA1-9FF3-4FE3A0017D35}"
EndProject
Project("{2150E333-8FDC-42A3-9474-1A3956D46DE8}") = "CMD", "CMD", "{21218205-B3D6-401A-AF55-DF41F128DCB0}"
EndProject
Project("{FAE04EC0-301F-11D3-BF4B-00C04F79EFBC}") = "ScoreBoardVtk.Cmd", "ScoreBoardVtk.Cmd\ScoreBoardVtk.Cmd.csproj", "{D390AA64-18B9-4074-8B37-4CE86E7DC505}"
EndProject
Project("{FAE04EC0-301F-11D3-BF4B-00C04F79EFBC}") = "ScoreBoardVtk.Tests", "ScoreBoardVtk.Tests\ScoreBoardVtk.Tests.csproj", "{DAF789AA-5FD1-49EF-BBB3-9B27B685F0C2}"
EndProject
Global
	GlobalSection(SolutionConfigurationPlatforms) = preSolution
		Debug|Any CPU = Debug|Any CPU
		Debug|x64 = Debug|x64
		Debug|x86 = Debug|x86
		Release|Any CPU = Release|Any CPU
		Release|x64 = Release|x64
		Release|x86 = Release|x86
	EndGlobalSection
	GlobalSection(ProjectConfigurationPlatforms) = postSolution
		{B8E98942-265D-4411-8B0C-FDADDF79D39C}.Debug|Any CPU.ActiveCfg = Debug|Any CPU
		{B8E98942-265D-4411-8B0C-FDADDF79D39C}.Debug|Any CPU.Build.0 = Debug|Any CPU
		{B8E98942-265D-4411-8B0C-FDADDF79D39C}.Debug|x64.ActiveCfg = Debug|Any CPU
		{B8E98942-265D-4411-8B0C-FDADDF79D39C}.Debug|x64.Build.0 = Debug|Any CPU
		{B8E98942-265D-4411-8B0C-FDADDF79D39C}.Debug|x86.ActiveCfg = Debug|Any CPU
		{B8E98942-265D-4411-8B0C-FDADDF79D39C}.Debug|x86.Build.0 = Debug|Any CPU
		{B8E98942-265D-4411-8B0C-FDADDF79D39C}.Release|Any CPU.ActiveCfg = Release|Any CPU
		{B8E98942-265D-4411-8B0C-FDADDF79D39C}.Release|Any CPU.Build.0 = Release|Any CPU
		{B8E98942-265D-4411-8B0C-FDADDF79D39C}.Release|x64.ActiveCfg = Release|Any CPU
		{B8E98942-265D-4411-8B0C-FDADDF79D39C}.Release|x64.Build.0 = Release|Any CPU
		{B8E98942-265D-4411-8B0C-FDADDF79D39C}.Release|x86.ActiveCfg = Release|Any CPU
		{B8E98942-265D-4411-8B0C-FDADDF79D39C}.Release|x86.Build.0 = Release|Any CPU
		{FB567ABC-622D-44A0-B503-8B8A15A7D928}.Debug|Any CPU.ActiveCfg = Debug|Any CPU
		{FB567ABC-622D-44A0-B503-8B8A15A7D928}.Debug|Any CPU.Build.0 = Debug|Any CPU
		{FB567ABC-622D-44A0-B503-8B8A15A7D928}.Debug|x64.ActiveCfg = Debug|Any CPU
		{FB567ABC-622D-44A0-B503-8B8A15A7D928}.Debug|x64.Build.0 = Debug|Any CPU
		{FB567ABC-622D-44A0-B503-8B8A15A7D928}.Debug|x86.ActiveCfg = Debug|Any CPU
		{FB567ABC-622D-44A0-B503-8B8A15A7D928}.Debug|x86.Build.0 = Debug|Any CPU
		{FB567ABC-622D-44A0-B503-8B8A15A7D928}.Release|Any CPU.ActiveCfg = Release|Any CPU
		{FB567ABC-622D-44A0-B503-8B8A15A7D928}.Release|Any CPU.Build.0 = Release|Any CPU
		{FB567ABC-622D-44A0-B503-8B8A15A7D928}.Release|x64.ActiveCfg = Release|Any CPU
		{FB567ABC-622D-44A0-B503-8B8A15A7D928}.Release|x64.Build.0 = Release|Any CPU
		{FB567ABC-622D-44A0-B503-8B8A15A7D928}.Release|x86.ActiveCfg = Release|Any CPU
		{FB567ABC-622D-44A0-B503-8B8A15A7D928}.Release|x86.Build.0 = Release|Any CPU
		{D390AA64-18B9-4074-8B37-4CE86E7DC505}.Debug|Any CPU.ActiveCfg = Debug|Any CPU
		{D390AA64-18B9-4074-8B37-4CE86E7DC505}.Debug|Any CPU.Build.0 = Debug|Any CPU
		{D390AA64-18B9-4074-8B37-4CE86E7DC505}.Debug|x64.ActiveCfg = Debug|Any CPU
		{D390AA64-18B9-4074-8B37-4CE86E7DC505}.Debug|x64.Build.0 = Debug|Any CPU
		{D390AA64-18B9-4074-8B37-4CE86E7DC505}.Debug|x86.ActiveCfg = Debug|Any CPU
		{D390AA64-18B9-4074-8B37-4CE86E7DC505}.Debug|x86.Build.0 = Debug|Any CPU
		{D390AA64-18B9-4074-8B37-4CE86E7DC505}.Release|Any CPU.ActiveCfg = Release|Any CPU
		{D390AA64-18B9-4074-8B37-4CE86E7DC505}.Release|Any CPU.Build.0 = Release|Any CPU
		{D390AA64-18B9-4074-8B37-4CE86E7DC505}.Release|x64.ActiveCfg = Release|Any CPU
		{D390AA64-18B9-4074-8B37-4CE86E7DC505}.Release|x64.Build.0 = Release|Any CPU
		{D390AA64-18B9-4074-8B37-4CE86E7DC505}.Release|x86.ActiveCfg = Release|Any CPU
		{D390AA64-18B9-4074-8B37-4CE86E7DC505}.Release|x86.Build.0 = Release|Any CPU
		{DAF789AA-5FD1-49EF-BBB3-9B27B685F0C2}.Debug|Any CPU.ActiveCfg = Debug|Any CPU
		{DAF789AA-5FD1-49EF-BBB3-9B27B685F0C2}.Debug|Any CPU.Build.0 = Debug|Any CPU
		{DAF789AA-5FD1-49EF-BBB3-9B27B685F0C2}.Debug|x64.ActiveCfg = Debug|Any CPU
		{DAF789AA-5FD1-49EF-BBB3-9B27B685F0C2}.Debug|x64.Build.0 = Debug|Any CPU
		{DAF789AA-5FD1-49EF-BBB3-9B27B685F0C2}.Debug|x86.ActiveCfg = Debug|Any CPU
		{DAF789AA-5FD1-49EF-BBB3-9B27B685F0C2}.Debug|x86.Build.0 = Debug|Any CPU
		{DAF789AA-5FD1-49EF-BBB3-9B27B685F0C2}.Release|Any CPU.ActiveCfg = Release|Any CPU
		{DAF789AA-5FD1-49EF-BBB3-9B27B685F0C2}.Release|Any CPU.Build.0 = Release|Any CPU
		{DAF789AA-5FD1-49EF-BBB3-9B27B685F0C2}.Release|x64.ActiveCfg = Release|Any CPU
		{DAF789AA-5FD1-49EF-BBB3-9B27B685F0C2}.Release|x64.Build.0 = Release|Any CPU
		{DAF789AA-5FD1-49EF-BBB3-9B27B685F0C2}.Release|x86.ActiveCfg = Release|Any CPU
		{DAF789AA-5FD1-49EF-BBB3-9B27B685F0C2}.Release|x86.Build.0 = Release|Any CPU
	EndGlobalSection
	GlobalSection(SolutionProperties) = preSolution
		HideSolutionNode = FALSE
	EndGlobalSection
	GlobalSection(NestedProjects) = preSolution
		{B8E98942-265D-4411-8B0C-FDADDF79D39C} = {06882951-9444-4D31-BBBF-294E180A05FC}
		{A3931D6B-DE78-4DE5-B585-B7D37CC8E9BB} = {7A4828FE-14B8-49B2-8720-29362009C08A}
		{FB567ABC-622D-44A0-B503-8B8A15A7D928} = {A3931D6B-DE78-4DE5-B585-B7D37CC8E9BB}
		{21218205-B3D6-401A-AF55-DF41F128DCB0} = {62FAD7B9-97D2-4EA1-9FF3-4FE3A0017D35}
		{D390AA64-18B9-4074-8B37-4CE86E7DC505} = {21218205-B3D6-401A-AF55-DF41F128DCB0}
	EndGlobalSection
EndGlobal
